// !$*UTF8*$!
{
	archiveVersion = 1;
	classes = {
	};
	objectVersion = 50;
	objects = {

/* Begin PBXBuildFile section */
		6D9FB35726ABF52700111D66 /* AppDelegate.swift in Sources */ = {isa = PBXBuildFile; fileRef = 6D9FB35626ABF52700111D66 /* AppDelegate.swift */; };
		6D9FB35926ABF52700111D66 /* SceneDelegate.swift in Sources */ = {isa = PBXBuildFile; fileRef = 6D9FB35826ABF52700111D66 /* SceneDelegate.swift */; };
		6D9FB35B26ABF52700111D66 /* ViewController.swift in Sources */ = {isa = PBXBuildFile; fileRef = 6D9FB35A26ABF52700111D66 /* ViewController.swift */; };
		6D9FB35E26ABF52700111D66 /* Main.storyboard in Resources */ = {isa = PBXBuildFile; fileRef = 6D9FB35C26ABF52700111D66 /* Main.storyboard */; };
		6D9FB36026ABF52800111D66 /* Assets.xcassets in Resources */ = {isa = PBXBuildFile; fileRef = 6D9FB35F26ABF52800111D66 /* Assets.xcassets */; };
		6D9FB36326ABF52800111D66 /* LaunchScreen.storyboard in Resources */ = {isa = PBXBuildFile; fileRef = 6D9FB36126ABF52800111D66 /* LaunchScreen.storyboard */; };
		6D9FB36B26AC03C800111D66 /* DataCollectionViewCell.swift in Sources */ = {isa = PBXBuildFile; fileRef = 6D9FB36A26AC03C800111D66 /* DataCollectionViewCell.swift */; };
		6D9FB39726AC67CD00111D66 /* stortel5.mp3 in Resources */ = {isa = PBXBuildFile; fileRef = 6D9FB38A26AC67CC00111D66 /* stortel5.mp3 */; };
		6D9FB39826AC67CD00111D66 /* stortel2.mp3 in Resources */ = {isa = PBXBuildFile; fileRef = 6D9FB38B26AC67CC00111D66 /* stortel2.mp3 */; };
		6D9FB39926AC67CD00111D66 /* stortel4.mp3 in Resources */ = {isa = PBXBuildFile; fileRef = 6D9FB38C26AC67CC00111D66 /* stortel4.mp3 */; };
		6D9FB39A26AC67CD00111D66 /* stortel10.mp3 in Resources */ = {isa = PBXBuildFile; fileRef = 6D9FB38D26AC67CC00111D66 /* stortel10.mp3 */; };
		6D9FB39B26AC67CD00111D66 /* stortel6.mp3 in Resources */ = {isa = PBXBuildFile; fileRef = 6D9FB38E26AC67CC00111D66 /* stortel6.mp3 */; };
		6D9FB39C26AC67CD00111D66 /* stortel7.mp3 in Resources */ = {isa = PBXBuildFile; fileRef = 6D9FB38F26AC67CC00111D66 /* stortel7.mp3 */; };
		6D9FB39D26AC67CD00111D66 /* stortel9.mp3 in Resources */ = {isa = PBXBuildFile; fileRef = 6D9FB39026AC67CC00111D66 /* stortel9.mp3 */; };
		6D9FB39E26AC67CD00111D66 /* stortel8.mp3 in Resources */ = {isa = PBXBuildFile; fileRef = 6D9FB39126AC67CC00111D66 /* stortel8.mp3 */; };
		6D9FB39F26AC67CD00111D66 /* stortel3 new.mp3 in Resources */ = {isa = PBXBuildFile; fileRef = 6D9FB39226AC67CC00111D66 /* stortel3 new.mp3 */; };
		6D9FB3A026AC67CD00111D66 /* stortel11.mp3 in Resources */ = {isa = PBXBuildFile; fileRef = 6D9FB39326AC67CC00111D66 /* stortel11.mp3 */; };
		6D9FB3A126AC67CD00111D66 /* stortel3.mp3 in Resources */ = {isa = PBXBuildFile; fileRef = 6D9FB39426AC67CD00111D66 /* stortel3.mp3 */; };
		6D9FB3A226AC67CD00111D66 /* sound1.mp3 in Resources */ = {isa = PBXBuildFile; fileRef = 6D9FB39526AC67CD00111D66 /* sound1.mp3 */; };
		6D9FB3A326AC67CD00111D66 /* stortel1.mp3 in Resources */ = {isa = PBXBuildFile; fileRef = 6D9FB39626AC67CD00111D66 /* stortel1.mp3 */; };
/* End PBXBuildFile section */

/* Begin PBXFileReference section */
		6D9FB35326ABF52700111D66 /* Lynn New.app */ = {isa = PBXFileReference; explicitFileType = wrapper.application; includeInIndex = 0; path = "Lynn New.app"; sourceTree = BUILT_PRODUCTS_DIR; };
		6D9FB35626ABF52700111D66 /* AppDelegate.swift */ = {isa = PBXFileReference; lastKnownFileType = sourcecode.swift; path = AppDelegate.swift; sourceTree = "<group>"; };
		6D9FB35826ABF52700111D66 /* SceneDelegate.swift */ = {isa = PBXFileReference; lastKnownFileType = sourcecode.swift; path = SceneDelegate.swift; sourceTree = "<group>"; };
		6D9FB35A26ABF52700111D66 /* ViewController.swift */ = {isa = PBXFileReference; lastKnownFileType = sourcecode.swift; path = ViewController.swift; sourceTree = "<group>"; };
		6D9FB35D26ABF52700111D66 /* Base */ = {isa = PBXFileReference; lastKnownFileType = file.storyboard; name = Base; path = Base.lproj/Main.storyboard; sourceTree = "<group>"; };
		6D9FB35F26ABF52800111D66 /* Assets.xcassets */ = {isa = PBXFileReference; lastKnownFileType = folder.assetcatalog; path = Assets.xcassets; sourceTree = "<group>"; };
		6D9FB36226ABF52800111D66 /* Base */ = {isa = PBXFileReference; lastKnownFileType = file.storyboard; name = Base; path = Base.lproj/LaunchScreen.storyboard; sourceTree = "<group>"; };
		6D9FB36426ABF52800111D66 /* Info.plist */ = {isa = PBXFileReference; lastKnownFileType = text.plist.xml; path = Info.plist; sourceTree = "<group>"; };
		6D9FB36A26AC03C800111D66 /* DataCollectionViewCell.swift */ = {isa = PBXFileReference; lastKnownFileType = sourcecode.swift; path = DataCollectionViewCell.swift; sourceTree = "<group>"; };
		6D9FB38A26AC67CC00111D66 /* stortel5.mp3 */ = {isa = PBXFileReference; lastKnownFileType = audio.mp3; path = stortel5.mp3; sourceTree = "<group>"; };
		6D9FB38B26AC67CC00111D66 /* stortel2.mp3 */ = {isa = PBXFileReference; lastKnownFileType = audio.mp3; path = stortel2.mp3; sourceTree = "<group>"; };
		6D9FB38C26AC67CC00111D66 /* stortel4.mp3 */ = {isa = PBXFileReference; lastKnownFileType = audio.mp3; path = stortel4.mp3; sourceTree = "<group>"; };
		6D9FB38D26AC67CC00111D66 /* stortel10.mp3 */ = {isa = PBXFileReference; lastKnownFileType = audio.mp3; path = stortel10.mp3; sourceTree = "<group>"; };
		6D9FB38E26AC67CC00111D66 /* stortel6.mp3 */ = {isa = PBXFileReference; lastKnownFileType = audio.mp3; path = stortel6.mp3; sourceTree = "<group>"; };
		6D9FB38F26AC67CC00111D66 /* stortel7.mp3 */ = {isa = PBXFileReference; lastKnownFileType = audio.mp3; path = stortel7.mp3; sourceTree = "<group>"; };
		6D9FB39026AC67CC00111D66 /* stortel9.mp3 */ = {isa = PBXFileReference; lastKnownFileType = audio.mp3; path = stortel9.mp3; sourceTree = "<group>"; };
		6D9FB39126AC67CC00111D66 /* stortel8.mp3 */ = {isa = PBXFileReference; lastKnownFileType = audio.mp3; path = stortel8.mp3; sourceTree = "<group>"; };
		6D9FB39226AC67CC00111D66 /* stortel3 new.mp3 */ = {isa = PBXFileReference; lastKnownFileType = audio.mp3; path = "stortel3 new.mp3"; sourceTree = "<group>"; };
		6D9FB39326AC67CC00111D66 /* stortel11.mp3 */ = {isa = PBXFileReference; lastKnownFileType = audio.mp3; path = stortel11.mp3; sourceTree = "<group>"; };
		6D9FB39426AC67CD00111D66 /* stortel3.mp3 */ = {isa = PBXFileReference; lastKnownFileType = audio.mp3; path = stortel3.mp3; sourceTree = "<group>"; };
		6D9FB39526AC67CD00111D66 /* sound1.mp3 */ = {isa = PBXFileReference; lastKnownFileType = audio.mp3; path = sound1.mp3; sourceTree = "<group>"; };
		6D9FB39626AC67CD00111D66 /* stortel1.mp3 */ = {isa = PBXFileReference; lastKnownFileType = audio.mp3; path = stortel1.mp3; sourceTree = "<group>"; };
/* End PBXFileReference section */

/* Begin PBXFrameworksBuildPhase section */
		6D9FB35026ABF52700111D66 /* Frameworks */ = {
			isa = PBXFrameworksBuildPhase;
			buildActionMask = 2147483647;
			files = (
			);
			runOnlyForDeploymentPostprocessing = 0;
		};
/* End PBXFrameworksBuildPhase section */

/* Begin PBXGroup section */
		6D9FB34A26ABF52700111D66 = {
			isa = PBXGroup;
			children = (
				6D9FB35526ABF52700111D66 /* Lynn New */,
				6D9FB35426ABF52700111D66 /* Products */,
			);
			sourceTree = "<group>";
		};
		6D9FB35426ABF52700111D66 /* Products */ = {
			isa = PBXGroup;
			children = (
				6D9FB35326ABF52700111D66 /* Lynn New.app */,
			);
			name = Products;
			sourceTree = "<group>";
		};
		6D9FB35526ABF52700111D66 /* Lynn New */ = {
			isa = PBXGroup;
			children = (
				6D9FB36D26AC673F00111D66 /* Audio */,
				6D9FB35626ABF52700111D66 /* AppDelegate.swift */,
				6D9FB35826ABF52700111D66 /* SceneDelegate.swift */,
				6D9FB35A26ABF52700111D66 /* ViewController.swift */,
				6D9FB35C26ABF52700111D66 /* Main.storyboard */,
				6D9FB35F26ABF52800111D66 /* Assets.xcassets */,
				6D9FB36126ABF52800111D66 /* LaunchScreen.storyboard */,
				6D9FB36426ABF52800111D66 /* Info.plist */,
				6D9FB36A26AC03C800111D66 /* DataCollectionViewCell.swift */,
			);
			path = "Lynn New";
			sourceTree = "<group>";
		};
		6D9FB36D26AC673F00111D66 /* Audio */ = {
			isa = PBXGroup;
			children = (
				6D9FB39526AC67CD00111D66 /* sound1.mp3 */,
				6D9FB39626AC67CD00111D66 /* stortel1.mp3 */,
				6D9FB38B26AC67CC00111D66 /* stortel2.mp3 */,
				6D9FB39226AC67CC00111D66 /* stortel3 new.mp3 */,
				6D9FB39426AC67CD00111D66 /* stortel3.mp3 */,
				6D9FB38C26AC67CC00111D66 /* stortel4.mp3 */,
				6D9FB38A26AC67CC00111D66 /* stortel5.mp3 */,
				6D9FB38E26AC67CC00111D66 /* stortel6.mp3 */,
				6D9FB38F26AC67CC00111D66 /* stortel7.mp3 */,
				6D9FB39126AC67CC00111D66 /* stortel8.mp3 */,
				6D9FB39026AC67CC00111D66 /* stortel9.mp3 */,
				6D9FB38D26AC67CC00111D66 /* stortel10.mp3 */,
				6D9FB39326AC67CC00111D66 /* stortel11.mp3 */,
			);
			path = Audio;
			sourceTree = "<group>";
		};
/* End PBXGroup section */

/* Begin PBXNativeTarget section */
		6D9FB35226ABF52700111D66 /* Lynn New */ = {
			isa = PBXNativeTarget;
			buildConfigurationList = 6D9FB36726ABF52800111D66 /* Build configuration list for PBXNativeTarget "Lynn New" */;
			buildPhases = (
				6D9FB34F26ABF52700111D66 /* Sources */,
				6D9FB35026ABF52700111D66 /* Frameworks */,
				6D9FB35126ABF52700111D66 /* Resources */,
			);
			buildRules = (
			);
			dependencies = (
			);
			name = "Lynn New";
			productName = "Lynn New";
			productReference = 6D9FB35326ABF52700111D66 /* Lynn New.app */;
			productType = "com.apple.product-type.application";
		};
/* End PBXNativeTarget section */

/* Begin PBXProject section */
		6D9FB34B26ABF52700111D66 /* Project object */ = {
			isa = PBXProject;
			attributes = {
				LastSwiftUpdateCheck = 1250;
				LastUpgradeCheck = 1250;
				TargetAttributes = {
					6D9FB35226ABF52700111D66 = {
						CreatedOnToolsVersion = 12.5.1;
					};
				};
			};
			buildConfigurationList = 6D9FB34E26ABF52700111D66 /* Build configuration list for PBXProject "Lynn New" */;
			compatibilityVersion = "Xcode 9.3";
			developmentRegion = en;
			hasScannedForEncodings = 0;
			knownRegions = (
				en,
				Base,
			);
			mainGroup = 6D9FB34A26ABF52700111D66;
			productRefGroup = 6D9FB35426ABF52700111D66 /* Products */;
			projectDirPath = "";
			projectRoot = "";
			targets = (
				6D9FB35226ABF52700111D66 /* Lynn New */,
			);
		};
/* End PBXProject section */

/* Begin PBXResourcesBuildPhase section */
		6D9FB35126ABF52700111D66 /* Resources */ = {
			isa = PBXResourcesBuildPhase;
			buildActionMask = 2147483647;
			files = (
				6D9FB3A226AC67CD00111D66 /* sound1.mp3 in Resources */,
				6D9FB3A026AC67CD00111D66 /* stortel11.mp3 in Resources */,
				6D9FB39F26AC67CD00111D66 /* stortel3 new.mp3 in Resources */,
				6D9FB39C26AC67CD00111D66 /* stortel7.mp3 in Resources */,
				6D9FB39726AC67CD00111D66 /* stortel5.mp3 in Resources */,
				6D9FB39826AC67CD00111D66 /* stortel2.mp3 in Resources */,
				6D9FB36326ABF52800111D66 /* LaunchScreen.storyboard in Resources */,
				6D9FB39E26AC67CD00111D66 /* stortel8.mp3 in Resources */,
				6D9FB3A326AC67CD00111D66 /* stortel1.mp3 in Resources */,
				6D9FB39A26AC67CD00111D66 /* stortel10.mp3 in Resources */,
				6D9FB3A126AC67CD00111D66 /* stortel3.mp3 in Resources */,
				6D9FB39926AC67CD00111D66 /* stortel4.mp3 in Resources */,
				6D9FB39D26AC67CD00111D66 /* stortel9.mp3 in Resources */,
				6D9FB39B26AC67CD00111D66 /* stortel6.mp3 in Resources */,
				6D9FB36026ABF52800111D66 /* Assets.xcassets in Resources */,
				6D9FB35E26ABF52700111D66 /* Main.storyboard in Resources */,
			);
			runOnlyForDeploymentPostprocessing = 0;
		};
/* End PBXResourcesBuildPhase section */

/* Begin PBXSourcesBuildPhase section */
		6D9FB34F26ABF52700111D66 /* Sources */ = {
			isa = PBXSourcesBuildPhase;
			buildActionMask = 2147483647;
			files = (
				6D9FB36B26AC03C800111D66 /* DataCollectionViewCell.swift in Sources */,
				6D9FB35B26ABF52700111D66 /* ViewController.swift in Sources */,
				6D9FB35726ABF52700111D66 /* AppDelegate.swift in Sources */,
				6D9FB35926ABF52700111D66 /* SceneDelegate.swift in Sources */,
			);
			runOnlyForDeploymentPostprocessing = 0;
		};
/* End PBXSourcesBuildPhase section */

/* Begin PBXVariantGroup section */
		6D9FB35C26ABF52700111D66 /* Main.storyboard */ = {
			isa = PBXVariantGroup;
			children = (
				6D9FB35D26ABF52700111D66 /* Base */,
			);
			name = Main.storyboard;
			sourceTree = "<group>";
		};
		6D9FB36126ABF52800111D66 /* LaunchScreen.storyboard */ = {
			isa = PBXVariantGroup;
			children = (
				6D9FB36226ABF52800111D66 /* Base */,
			);
			name = LaunchScreen.storyboard;
			sourceTree = "<group>";
		};
/* End PBXVariantGroup section */

/* Begin XCBuildConfiguration section */
		6D9FB36526ABF52800111D66 /* Debug */ = {
			isa = XCBuildConfiguration;
			buildSettings = {
				ALWAYS_SEARCH_USER_PATHS = NO;
				CLANG_ANALYZER_NONNULL = YES;
				CLANG_ANALYZER_NUMBER_OBJECT_CONVERSION = YES_AGGRESSIVE;
				CLANG_CXX_LANGUAGE_STANDARD = "gnu++14";
				CLANG_CXX_LIBRARY = "libc++";
				CLANG_ENABLE_MODULES = YES;
				CLANG_ENABLE_OBJC_ARC = YES;
				CLANG_ENABLE_OBJC_WEAK = YES;
				CLANG_WARN_BLOCK_CAPTURE_AUTORELEASING = YES;
				CLANG_WARN_BOOL_CONVERSION = YES;
				CLANG_WARN_COMMA = YES;
				CLANG_WARN_CONSTANT_CONVERSION = YES;
				CLANG_WARN_DEPRECATED_OBJC_IMPLEMENTATIONS = YES;
				CLANG_WARN_DIRECT_OBJC_ISA_USAGE = YES_ERROR;
				CLANG_WARN_DOCUMENTATION_COMMENTS = YES;
				CLANG_WARN_EMPTY_BODY = YES;
				CLANG_WARN_ENUM_CONVERSION = YES;
				CLANG_WARN_INFINITE_RECURSION = YES;
				CLANG_WARN_INT_CONVERSION = YES;
				CLANG_WARN_NON_LITERAL_NULL_CONVERSION = YES;
				CLANG_WARN_OBJC_IMPLICIT_RETAIN_SELF = YES;
				CLANG_WARN_OBJC_LITERAL_CONVERSION = YES;
				CLANG_WARN_OBJC_ROOT_CLASS = YES_ERROR;
				CLANG_WARN_QUOTED_INCLUDE_IN_FRAMEWORK_HEADER = YES;
				CLANG_WARN_RANGE_LOOP_ANALYSIS = YES;
				CLANG_WARN_STRICT_PROTOTYPES = YES;
				CLANG_WARN_SUSPICIOUS_MOVE = YES;
				CLANG_WARN_UNGUARDED_AVAILABILITY = YES_AGGRESSIVE;
				CLANG_WARN_UNREACHABLE_CODE = YES;
				CLANG_WARN__DUPLICATE_METHOD_MATCH = YES;
				COPY_PHASE_STRIP = NO;
				DEBUG_INFORMATION_FORMAT = dwarf;
				ENABLE_STRICT_OBJC_MSGSEND = YES;
				ENABLE_TESTABILITY = YES;
				GCC_C_LANGUAGE_STANDARD = gnu11;
				GCC_DYNAMIC_NO_PIC = NO;
				GCC_NO_COMMON_BLOCKS = YES;
				GCC_OPTIMIZATION_LEVEL = 0;
				GCC_PREPROCESSOR_DEFINITIONS = (
					"DEBUG=1",
					"$(inherited)",
				);
				GCC_WARN_64_TO_32_BIT_CONVERSION = YES;
				GCC_WARN_ABOUT_RETURN_TYPE = YES_ERROR;
				GCC_WARN_UNDECLARED_SELECTOR = YES;
				GCC_WARN_UNINITIALIZED_AUTOS = YES_AGGRESSIVE;
				GCC_WARN_UNUSED_FUNCTION = YES;
				GCC_WARN_UNUSED_VARIABLE = YES;
				IPHONEOS_DEPLOYMENT_TARGET = 14.5;
				MTL_ENABLE_DEBUG_INFO = INCLUDE_SOURCE;
				MTL_FAST_MATH = YES;
				ONLY_ACTIVE_ARCH = YES;
				SDKROOT = iphoneos;
				SWIFT_ACTIVE_COMPILATION_CONDITIONS = DEBUG;
				SWIFT_OPTIMIZATION_LEVEL = "-Onone";
			};
			name = Debug;
		};
		6D9FB36626ABF52800111D66 /* Release */ = {
			isa = XCBuildConfiguration;
			buildSettings = {
				ALWAYS_SEARCH_USER_PATHS = NO;
				CLANG_ANALYZER_NONNULL = YES;
				CLANG_ANALYZER_NUMBER_OBJECT_CONVERSION = YES_AGGRESSIVE;
				CLANG_CXX_LANGUAGE_STANDARD = "gnu++14";
				CLANG_CXX_LIBRARY = "libc++";
				CLANG_ENABLE_MODULES = YES;
				CLANG_ENABLE_OBJC_ARC = YES;
				CLANG_ENABLE_OBJC_WEAK = YES;
				CLANG_WARN_BLOCK_CAPTURE_AUTORELEASING = YES;
				CLANG_WARN_BOOL_CONVERSION = YES;
				CLANG_WARN_COMMA = YES;
				CLANG_WARN_CONSTANT_CONVERSION = YES;
				CLANG_WARN_DEPRECATED_OBJC_IMPLEMENTATIONS = YES;
				CLANG_WARN_DIRECT_OBJC_ISA_USAGE = YES_ERROR;
				CLANG_WARN_DOCUMENTATION_COMMENTS = YES;
				CLANG_WARN_EMPTY_BODY = YES;
				CLANG_WARN_ENUM_CONVERSION = YES;
				CLANG_WARN_INFINITE_RECURSION = YES;
				CLANG_WARN_INT_CONVERSION = YES;
				CLANG_WARN_NON_LITERAL_NULL_CONVERSION = YES;
				CLANG_WARN_OBJC_IMPLICIT_RETAIN_SELF = YES;
				CLANG_WARN_OBJC_LITERAL_CONVERSION = YES;
				CLANG_WARN_OBJC_ROOT_CLASS = YES_ERROR;
				CLANG_WARN_QUOTED_INCLUDE_IN_FRAMEWORK_HEADER = YES;
				CLANG_WARN_RANGE_LOOP_ANALYSIS = YES;
				CLANG_WARN_STRICT_PROTOTYPES = YES;
				CLANG_WARN_SUSPICIOUS_MOVE = YES;
				CLANG_WARN_UNGUARDED_AVAILABILITY = YES_AGGRESSIVE;
				CLANG_WARN_UNREACHABLE_CODE = YES;
				CLANG_WARN__DUPLICATE_METHOD_MATCH = YES;
				COPY_PHASE_STRIP = NO;
				DEBUG_INFORMATION_FORMAT = "dwarf-with-dsym";
				ENABLE_NS_ASSERTIONS = NO;
				ENABLE_STRICT_OBJC_MSGSEND = YES;
				GCC_C_LANGUAGE_STANDARD = gnu11;
				GCC_NO_COMMON_BLOCKS = YES;
				GCC_WARN_64_TO_32_BIT_CONVERSION = YES;
				GCC_WARN_ABOUT_RETURN_TYPE = YES_ERROR;
				GCC_WARN_UNDECLARED_SELECTOR = YES;
				GCC_WARN_UNINITIALIZED_AUTOS = YES_AGGRESSIVE;
				GCC_WARN_UNUSED_FUNCTION = YES;
				GCC_WARN_UNUSED_VARIABLE = YES;
				IPHONEOS_DEPLOYMENT_TARGET = 14.5;
				MTL_ENABLE_DEBUG_INFO = NO;
				MTL_FAST_MATH = YES;
				SDKROOT = iphoneos;
				SWIFT_COMPILATION_MODE = wholemodule;
				SWIFT_OPTIMIZATION_LEVEL = "-O";
				VALIDATE_PRODUCT = YES;
			};
			name = Release;
		};
		6D9FB36826ABF52800111D66 /* Debug */ = {
			isa = XCBuildConfiguration;
			buildSettings = {
				ASSETCATALOG_COMPILER_APPICON_NAME = AppIcon;
				ASSETCATALOG_COMPILER_GLOBAL_ACCENT_COLOR_NAME = AccentColor;
				CODE_SIGN_STYLE = Automatic;
				DEVELOPMENT_TEAM = JFAH6YB752;
				INFOPLIST_FILE = "Lynn New/Info.plist";
				LD_RUNPATH_SEARCH_PATHS = (
					"$(inherited)",
					"@executable_path/Frameworks",
				);
				PRODUCT_BUNDLE_IDENTIFIER = "id.infinitelarning.Lynn-New";
				PRODUCT_NAME = "$(TARGET_NAME)";
				SWIFT_VERSION = 5.0;
				TARGETED_DEVICE_FAMILY = "1,2";
			};
			name = Debug;
		};
		6D9FB36926ABF52800111D66 /* Release */ = {
			isa = XCBuildConfiguration;
			buildSettings = {
				ASSETCATALOG_COMPILER_APPICON_NAME = AppIcon;
				ASSETCATALOG_COMPILER_GLOBAL_ACCENT_COLOR_NAME = AccentColor;
				CODE_SIGN_STYLE = Automatic;
				DEVELOPMENT_TEAM = JFAH6YB752;
				INFOPLIST_FILE = "Lynn New/Info.plist";
				LD_RUNPATH_SEARCH_PATHS = (
					"$(inherited)",
					"@executable_path/Frameworks",
				);
				PRODUCT_BUNDLE_IDENTIFIER = "id.infinitelarning.Lynn-New";
				PRODUCT_NAME = "$(TARGET_NAME)";
				SWIFT_VERSION = 5.0;
				TARGETED_DEVICE_FAMILY = "1,2";
			};
			name = Release;
		};
/* End XCBuildConfiguration section */

/* Begin XCConfigurationList section */
		6D9FB34E26ABF52700111D66 /* Build configuration list for PBXProject "Lynn New" */ = {
			isa = XCConfigurationList;
			buildConfigurations = (
				6D9FB36526ABF52800111D66 /* Debug */,
				6D9FB36626ABF52800111D66 /* Release */,
			);
			defaultConfigurationIsVisible = 0;
			defaultConfigurationName = Release;
		};
		6D9FB36726ABF52800111D66 /* Build configuration list for PBXNativeTarget "Lynn New" */ = {
			isa = XCConfigurationList;
			buildConfigurations = (
				6D9FB36826ABF52800111D66 /* Debug */,
				6D9FB36926ABF52800111D66 /* Release */,
			);
			defaultConfigurationIsVisible = 0;
			defaultConfigurationName = Release;
		};
/* End XCConfigurationList section */
	};
	rootObject = 6D9FB34B26ABF52700111D66 /* Project object */;
}
