// !$*UTF8*$!
{
	archiveVersion = 1;
	classes = {
	};
	objectVersion = 50;
	objects = {

/* Begin PBXBuildFile section */
		6D1D96B226ADA20B003C760B /* HomeScreen2ViewController.swift in Sources */ = {isa = PBXBuildFile; fileRef = 6D1D96B126ADA20B003C760B /* HomeScreen2ViewController.swift */; };
		6D1D96B426ADCC27003C760B /* TentangLynnViewController.swift in Sources */ = {isa = PBXBuildFile; fileRef = 6D1D96B326ADCC27003C760B /* TentangLynnViewController.swift */; };
		6D32277526BBB762009944EA /* contain New.gif in Resources */ = {isa = PBXBuildFile; fileRef = 6D32277326BBB762009944EA /* contain New.gif */; };
		6D32277626BBB762009944EA /* cry New.gif in Resources */ = {isa = PBXBuildFile; fileRef = 6D32277426BBB762009944EA /* cry New.gif */; };
		6D32277826BBC91D009944EA /* stortel3.mp3 in Resources */ = {isa = PBXBuildFile; fileRef = 6D32277726BBC91D009944EA /* stortel3.mp3 */; };
		6D33518126ADD86D0028700B /* TipsViewController.swift in Sources */ = {isa = PBXBuildFile; fileRef = 6D33518026ADD86D0028700B /* TipsViewController.swift */; };
		6D33518326ADDE1A0028700B /* BerapaViewController.swift in Sources */ = {isa = PBXBuildFile; fileRef = 6D33518226ADDE1A0028700B /* BerapaViewController.swift */; };
		6D33518526ADE2060028700B /* MonitorViewController.swift in Sources */ = {isa = PBXBuildFile; fileRef = 6D33518426ADE2060028700B /* MonitorViewController.swift */; };
		6D635C9226AD8A9D00A5FC9E /* home page.mp3 in Resources */ = {isa = PBXBuildFile; fileRef = 6D635C9126AD8A9D00A5FC9E /* home page.mp3 */; };
		6D635D0626AD8C2E00A5FC9E /* Lembab.gif in Resources */ = {isa = PBXBuildFile; fileRef = 6D635CF626AD8C2E00A5FC9E /* Lembab.gif */; };
		6D635D0726AD8C2E00A5FC9E /* weak.gif in Resources */ = {isa = PBXBuildFile; fileRef = 6D635CF726AD8C2E00A5FC9E /* weak.gif */; };
		6D635D0826AD8C2E00A5FC9E /* Benefit.gif in Resources */ = {isa = PBXBuildFile; fileRef = 6D635CF826AD8C2E00A5FC9E /* Benefit.gif */; };
		6D635D0926AD8C2E00A5FC9E /* Hero Lynn.gif in Resources */ = {isa = PBXBuildFile; fileRef = 6D635CF926AD8C2E00A5FC9E /* Hero Lynn.gif */; };
		6D635D0A26AD8C2E00A5FC9E /* cry.gif in Resources */ = {isa = PBXBuildFile; fileRef = 6D635CFA26AD8C2E00A5FC9E /* cry.gif */; };
		6D635D0B26AD8C2E00A5FC9E /* Secret.gif in Resources */ = {isa = PBXBuildFile; fileRef = 6D635CFB26AD8C2E00A5FC9E /* Secret.gif */; };
		6D635D0C26AD8C2E00A5FC9E /* Sweat.gif in Resources */ = {isa = PBXBuildFile; fileRef = 6D635CFC26AD8C2E00A5FC9E /* Sweat.gif */; };
		6D635D0D26AD8C2E00A5FC9E /* Child.gif in Resources */ = {isa = PBXBuildFile; fileRef = 6D635CFD26AD8C2E00A5FC9E /* Child.gif */; };
		6D635D0E26AD8C2E00A5FC9E /* Minum.gif in Resources */ = {isa = PBXBuildFile; fileRef = 6D635CFE26AD8C2E00A5FC9E /* Minum.gif */; };
		6D635D0F26AD8C2E00A5FC9E /* Profil.gif in Resources */ = {isa = PBXBuildFile; fileRef = 6D635CFF26AD8C2E00A5FC9E /* Profil.gif */; };
		6D635D1026AD8C2E00A5FC9E /* contain.gif in Resources */ = {isa = PBXBuildFile; fileRef = 6D635D0026AD8C2E00A5FC9E /* contain.gif */; };
		6D635D1126AD8C2E00A5FC9E /* Toksin.gif in Resources */ = {isa = PBXBuildFile; fileRef = 6D635D0126AD8C2E00A5FC9E /* Toksin.gif */; };
		6D635D1226AD8C2E00A5FC9E /* Organ.gif in Resources */ = {isa = PBXBuildFile; fileRef = 6D635D0226AD8C2E00A5FC9E /* Organ.gif */; };
		6D635D1326AD8C2E00A5FC9E /* more water.gif in Resources */ = {isa = PBXBuildFile; fileRef = 6D635D0326AD8C2E00A5FC9E /* more water.gif */; };
		6D635D1426AD8C2E00A5FC9E /* Presence.gif in Resources */ = {isa = PBXBuildFile; fileRef = 6D635D0426AD8C2E00A5FC9E /* Presence.gif */; };
		6D635D1526AD8C2E00A5FC9E /* Superman Not Me.gif in Resources */ = {isa = PBXBuildFile; fileRef = 6D635D0526AD8C2E00A5FC9E /* Superman Not Me.gif */; };
		6D9FB35726ABF52700111D66 /* AppDelegate.swift in Sources */ = {isa = PBXBuildFile; fileRef = 6D9FB35626ABF52700111D66 /* AppDelegate.swift */; };
		6D9FB35926ABF52700111D66 /* SceneDelegate.swift in Sources */ = {isa = PBXBuildFile; fileRef = 6D9FB35826ABF52700111D66 /* SceneDelegate.swift */; };
		6D9FB35B26ABF52700111D66 /* ViewController.swift in Sources */ = {isa = PBXBuildFile; fileRef = 6D9FB35A26ABF52700111D66 /* ViewController.swift */; };
		6D9FB36026ABF52800111D66 /* Assets.xcassets in Resources */ = {isa = PBXBuildFile; fileRef = 6D9FB35F26ABF52800111D66 /* Assets.xcassets */; };
		6D9FB36326ABF52800111D66 /* LaunchScreen.storyboard in Resources */ = {isa = PBXBuildFile; fileRef = 6D9FB36126ABF52800111D66 /* LaunchScreen.storyboard */; };
		6D9FB36B26AC03C800111D66 /* DataCollectionViewCell.swift in Sources */ = {isa = PBXBuildFile; fileRef = 6D9FB36A26AC03C800111D66 /* DataCollectionViewCell.swift */; };
		6D9FB39726AC67CD00111D66 /* stortel5.mp3 in Resources */ = {isa = PBXBuildFile; fileRef = 6D9FB38A26AC67CC00111D66 /* stortel5.mp3 */; };
		6D9FB39826AC67CD00111D66 /* stortel2.mp3 in Resources */ = {isa = PBXBuildFile; fileRef = 6D9FB38B26AC67CC00111D66 /* stortel2.mp3 */; };
		6D9FB39926AC67CD00111D66 /* stortel4.mp3 in Resources */ = {isa = PBXBuildFile; fileRef = 6D9FB38C26AC67CC00111D66 /* stortel4.mp3 */; };
		6D9FB39A26AC67CD00111D66 /* stortel10.mp3 in Resources */ = {isa = PBXBuildFile; fileRef = 6D9FB38D26AC67CC00111D66 /* stortel10.mp3 */; };
		6D9FB39B26AC67CD00111D66 /* stortel6.mp3 in Resources */ = {isa = PBXBuildFile; fileRef = 6D9FB38E26AC67CC00111D66 /* stortel6.mp3 */; };
		6D9FB39C26AC67CD00111D66 /* stortel7.mp3 in Resources */ = {isa = PBXBuildFile; fileRef = 6D9FB38F26AC67CC00111D66 /* stortel7.mp3 */; };
		6D9FB39D26AC67CD00111D66 /* stortel9.mp3 in Resources */ = {isa = PBXBuildFile; fileRef = 6D9FB39026AC67CC00111D66 /* stortel9.mp3 */; };
		6D9FB39E26AC67CD00111D66 /* stortel8.mp3 in Resources */ = {isa = PBXBuildFile; fileRef = 6D9FB39126AC67CC00111D66 /* stortel8.mp3 */; };
		6D9FB3A026AC67CD00111D66 /* stortel11.mp3 in Resources */ = {isa = PBXBuildFile; fileRef = 6D9FB39326AC67CC00111D66 /* stortel11.mp3 */; };
		6D9FB3A226AC67CD00111D66 /* sound1.mp3 in Resources */ = {isa = PBXBuildFile; fileRef = 6D9FB39526AC67CD00111D66 /* sound1.mp3 */; };
		6D9FB3A326AC67CD00111D66 /* stortel1.mp3 in Resources */ = {isa = PBXBuildFile; fileRef = 6D9FB39626AC67CD00111D66 /* stortel1.mp3 */; };
		6DAF58A426AF1DCC00199728 /* AyoMinumViewController.swift in Sources */ = {isa = PBXBuildFile; fileRef = 6DAF58A326AF1DCC00199728 /* AyoMinumViewController.swift */; };
		6DCB4A3C26AD4A7D0009EE7F /* StartingPageViewController.swift in Sources */ = {isa = PBXBuildFile; fileRef = 6DCB4A3B26AD4A7D0009EE7F /* StartingPageViewController.swift */; };
		6DCB4A3E26AD5BFE0009EE7F /* HomeScreenViewController.swift in Sources */ = {isa = PBXBuildFile; fileRef = 6DCB4A3D26AD5BFE0009EE7F /* HomeScreenViewController.swift */; };
		6DCB4A6226AD63670009EE7F /* Animasi.swift in Sources */ = {isa = PBXBuildFile; fileRef = 6DCB4A6126AD63670009EE7F /* Animasi.swift */; };
		6DCE2BDA26BD153F001D419B /* backgroundSound.mp3 in Resources */ = {isa = PBXBuildFile; fileRef = 6DCE2BD926BD153F001D419B /* backgroundSound.mp3 */; };
		E244625026BE012C00425BE6 /* game nutrisi.mp3 in Resources */ = {isa = PBXBuildFile; fileRef = E244624F26BE012C00425BE6 /* game nutrisi.mp3 */; };
		E244625226BE03FE00425BE6 /* minumViewController.swift in Sources */ = {isa = PBXBuildFile; fileRef = E244625126BE03FE00425BE6 /* minumViewController.swift */; };
		E2889FB026BE0B010034F2B8 /* Main.storyboard in Resources */ = {isa = PBXBuildFile; fileRef = E2889FAF26BE0B010034F2B8 /* Main.storyboard */; };
		E29143E726B7F5A1005EE609 /* ShareNutritionScene.sks in Resources */ = {isa = PBXBuildFile; fileRef = E29143E626B7F5A1005EE609 /* ShareNutritionScene.sks */; };
		E29143EB26B7F65E005EE609 /* ShareNutritionAction.sks in Resources */ = {isa = PBXBuildFile; fileRef = E29143EA26B7F65E005EE609 /* ShareNutritionAction.sks */; };
		E29D605F26BC97BD00A7B070 /* with timer.swift in Sources */ = {isa = PBXBuildFile; fileRef = E29D605E26BC97BC00A7B070 /* with timer.swift */; };
		E2D3E57126BB90F000A13D11 /* GameScene.swift in Sources */ = {isa = PBXBuildFile; fileRef = E2D3E57026BB90F000A13D11 /* GameScene.swift */; };
		E2D3E57726BB910600A13D11 /* HelpPage.swift in Sources */ = {isa = PBXBuildFile; fileRef = E2D3E57226BB910500A13D11 /* HelpPage.swift */; };
		E2D3E57826BB910600A13D11 /* GameViewController.swift in Sources */ = {isa = PBXBuildFile; fileRef = E2D3E57326BB910500A13D11 /* GameViewController.swift */; };
		E2D3E57926BB910600A13D11 /* PausePage.swift in Sources */ = {isa = PBXBuildFile; fileRef = E2D3E57426BB910600A13D11 /* PausePage.swift */; };
		E2D3E57A26BB910600A13D11 /* PopUp.swift in Sources */ = {isa = PBXBuildFile; fileRef = E2D3E57526BB910600A13D11 /* PopUp.swift */; };
		E2D3E57B26BB910600A13D11 /* StartingPage.swift in Sources */ = {isa = PBXBuildFile; fileRef = E2D3E57626BB910600A13D11 /* StartingPage.swift */; };
		E2E4189626B7BC830025AD6A /* DetectDrink.swift in Sources */ = {isa = PBXBuildFile; fileRef = E2E4189526B7BC830025AD6A /* DetectDrink.swift */; };
		E2E4189826B7BCC60025AD6A /* VideoCapture.swift in Sources */ = {isa = PBXBuildFile; fileRef = E2E4189726B7BCC60025AD6A /* VideoCapture.swift */; };
		E2E4189A26B7BCD50025AD6A /* Predictor.swift in Sources */ = {isa = PBXBuildFile; fileRef = E2E4189926B7BCD50025AD6A /* Predictor.swift */; };
		E2E4189C26B7BD220025AD6A /* PoseEstimation.mlmodel in Sources */ = {isa = PBXBuildFile; fileRef = E2E4189B26B7BD220025AD6A /* PoseEstimation.mlmodel */; };
/* End PBXBuildFile section */

/* Begin PBXFileReference section */
		6D1D96B126ADA20B003C760B /* HomeScreen2ViewController.swift */ = {isa = PBXFileReference; lastKnownFileType = sourcecode.swift; path = HomeScreen2ViewController.swift; sourceTree = "<group>"; };
		6D1D96B326ADCC27003C760B /* TentangLynnViewController.swift */ = {isa = PBXFileReference; lastKnownFileType = sourcecode.swift; path = TentangLynnViewController.swift; sourceTree = "<group>"; };
		6D32277326BBB762009944EA /* contain New.gif */ = {isa = PBXFileReference; lastKnownFileType = image.gif; path = "contain New.gif"; sourceTree = "<group>"; };
		6D32277426BBB762009944EA /* cry New.gif */ = {isa = PBXFileReference; lastKnownFileType = image.gif; path = "cry New.gif"; sourceTree = "<group>"; };
		6D32277726BBC91D009944EA /* stortel3.mp3 */ = {isa = PBXFileReference; lastKnownFileType = audio.mp3; path = stortel3.mp3; sourceTree = "<group>"; };
		6D33518026ADD86D0028700B /* TipsViewController.swift */ = {isa = PBXFileReference; lastKnownFileType = sourcecode.swift; path = TipsViewController.swift; sourceTree = "<group>"; };
		6D33518226ADDE1A0028700B /* BerapaViewController.swift */ = {isa = PBXFileReference; lastKnownFileType = sourcecode.swift; path = BerapaViewController.swift; sourceTree = "<group>"; };
		6D33518426ADE2060028700B /* MonitorViewController.swift */ = {isa = PBXFileReference; lastKnownFileType = sourcecode.swift; path = MonitorViewController.swift; sourceTree = "<group>"; };
		6D635C9126AD8A9D00A5FC9E /* home page.mp3 */ = {isa = PBXFileReference; lastKnownFileType = audio.mp3; path = "home page.mp3"; sourceTree = SOURCE_ROOT; };
		6D635CF626AD8C2E00A5FC9E /* Lembab.gif */ = {isa = PBXFileReference; lastKnownFileType = image.gif; name = Lembab.gif; path = "Lynn New/Animation/Lembab.gif"; sourceTree = SOURCE_ROOT; };
		6D635CF726AD8C2E00A5FC9E /* weak.gif */ = {isa = PBXFileReference; lastKnownFileType = image.gif; name = weak.gif; path = "Lynn New/Animation/weak.gif"; sourceTree = SOURCE_ROOT; };
		6D635CF826AD8C2E00A5FC9E /* Benefit.gif */ = {isa = PBXFileReference; lastKnownFileType = image.gif; name = Benefit.gif; path = "Lynn New/Animation/Benefit.gif"; sourceTree = SOURCE_ROOT; };
		6D635CF926AD8C2E00A5FC9E /* Hero Lynn.gif */ = {isa = PBXFileReference; lastKnownFileType = image.gif; name = "Hero Lynn.gif"; path = "Lynn New/Animation/Hero Lynn.gif"; sourceTree = SOURCE_ROOT; };
		6D635CFA26AD8C2E00A5FC9E /* cry.gif */ = {isa = PBXFileReference; lastKnownFileType = image.gif; name = cry.gif; path = "Lynn New/Animation/cry.gif"; sourceTree = SOURCE_ROOT; };
		6D635CFB26AD8C2E00A5FC9E /* Secret.gif */ = {isa = PBXFileReference; lastKnownFileType = image.gif; name = Secret.gif; path = "Lynn New/Animation/Secret.gif"; sourceTree = SOURCE_ROOT; };
		6D635CFC26AD8C2E00A5FC9E /* Sweat.gif */ = {isa = PBXFileReference; lastKnownFileType = image.gif; name = Sweat.gif; path = "Lynn New/Animation/Sweat.gif"; sourceTree = SOURCE_ROOT; };
		6D635CFD26AD8C2E00A5FC9E /* Child.gif */ = {isa = PBXFileReference; lastKnownFileType = image.gif; name = Child.gif; path = "Lynn New/Animation/Child.gif"; sourceTree = SOURCE_ROOT; };
		6D635CFE26AD8C2E00A5FC9E /* Minum.gif */ = {isa = PBXFileReference; lastKnownFileType = image.gif; name = Minum.gif; path = "Lynn New/Animation/Minum.gif"; sourceTree = SOURCE_ROOT; };
		6D635CFF26AD8C2E00A5FC9E /* Profil.gif */ = {isa = PBXFileReference; lastKnownFileType = image.gif; name = Profil.gif; path = "Lynn New/Animation/Profil.gif"; sourceTree = SOURCE_ROOT; };
		6D635D0026AD8C2E00A5FC9E /* contain.gif */ = {isa = PBXFileReference; lastKnownFileType = image.gif; name = contain.gif; path = "Lynn New/Animation/contain.gif"; sourceTree = SOURCE_ROOT; };
		6D635D0126AD8C2E00A5FC9E /* Toksin.gif */ = {isa = PBXFileReference; lastKnownFileType = image.gif; name = Toksin.gif; path = "Lynn New/Animation/Toksin.gif"; sourceTree = SOURCE_ROOT; };
		6D635D0226AD8C2E00A5FC9E /* Organ.gif */ = {isa = PBXFileReference; lastKnownFileType = image.gif; name = Organ.gif; path = "Lynn New/Animation/Organ.gif"; sourceTree = SOURCE_ROOT; };
		6D635D0326AD8C2E00A5FC9E /* more water.gif */ = {isa = PBXFileReference; lastKnownFileType = image.gif; name = "more water.gif"; path = "Lynn New/Animation/more water.gif"; sourceTree = SOURCE_ROOT; };
		6D635D0426AD8C2E00A5FC9E /* Presence.gif */ = {isa = PBXFileReference; lastKnownFileType = image.gif; name = Presence.gif; path = "Lynn New/Animation/Presence.gif"; sourceTree = SOURCE_ROOT; };
		6D635D0526AD8C2E00A5FC9E /* Superman Not Me.gif */ = {isa = PBXFileReference; lastKnownFileType = image.gif; name = "Superman Not Me.gif"; path = "Lynn New/Animation/Superman Not Me.gif"; sourceTree = SOURCE_ROOT; };
		6D9FB35326ABF52700111D66 /* Lynn New.app */ = {isa = PBXFileReference; explicitFileType = wrapper.application; includeInIndex = 0; path = "Lynn New.app"; sourceTree = BUILT_PRODUCTS_DIR; };
		6D9FB35626ABF52700111D66 /* AppDelegate.swift */ = {isa = PBXFileReference; lastKnownFileType = sourcecode.swift; path = AppDelegate.swift; sourceTree = "<group>"; };
		6D9FB35826ABF52700111D66 /* SceneDelegate.swift */ = {isa = PBXFileReference; lastKnownFileType = sourcecode.swift; path = SceneDelegate.swift; sourceTree = "<group>"; };
		6D9FB35A26ABF52700111D66 /* ViewController.swift */ = {isa = PBXFileReference; lastKnownFileType = sourcecode.swift; path = ViewController.swift; sourceTree = "<group>"; };
		6D9FB35F26ABF52800111D66 /* Assets.xcassets */ = {isa = PBXFileReference; lastKnownFileType = folder.assetcatalog; path = Assets.xcassets; sourceTree = "<group>"; };
		6D9FB36226ABF52800111D66 /* Base */ = {isa = PBXFileReference; lastKnownFileType = file.storyboard; name = Base; path = Base.lproj/LaunchScreen.storyboard; sourceTree = "<group>"; };
		6D9FB36426ABF52800111D66 /* Info.plist */ = {isa = PBXFileReference; lastKnownFileType = text.plist.xml; path = Info.plist; sourceTree = "<group>"; };
		6D9FB36A26AC03C800111D66 /* DataCollectionViewCell.swift */ = {isa = PBXFileReference; lastKnownFileType = sourcecode.swift; path = DataCollectionViewCell.swift; sourceTree = "<group>"; };
		6D9FB38A26AC67CC00111D66 /* stortel5.mp3 */ = {isa = PBXFileReference; lastKnownFileType = audio.mp3; path = stortel5.mp3; sourceTree = "<group>"; };
		6D9FB38B26AC67CC00111D66 /* stortel2.mp3 */ = {isa = PBXFileReference; lastKnownFileType = audio.mp3; path = stortel2.mp3; sourceTree = "<group>"; };
		6D9FB38C26AC67CC00111D66 /* stortel4.mp3 */ = {isa = PBXFileReference; lastKnownFileType = audio.mp3; path = stortel4.mp3; sourceTree = "<group>"; };
		6D9FB38D26AC67CC00111D66 /* stortel10.mp3 */ = {isa = PBXFileReference; lastKnownFileType = audio.mp3; path = stortel10.mp3; sourceTree = "<group>"; };
		6D9FB38E26AC67CC00111D66 /* stortel6.mp3 */ = {isa = PBXFileReference; lastKnownFileType = audio.mp3; path = stortel6.mp3; sourceTree = "<group>"; };
		6D9FB38F26AC67CC00111D66 /* stortel7.mp3 */ = {isa = PBXFileReference; lastKnownFileType = audio.mp3; path = stortel7.mp3; sourceTree = "<group>"; };
		6D9FB39026AC67CC00111D66 /* stortel9.mp3 */ = {isa = PBXFileReference; lastKnownFileType = audio.mp3; path = stortel9.mp3; sourceTree = "<group>"; };
		6D9FB39126AC67CC00111D66 /* stortel8.mp3 */ = {isa = PBXFileReference; lastKnownFileType = audio.mp3; path = stortel8.mp3; sourceTree = "<group>"; };
		6D9FB39326AC67CC00111D66 /* stortel11.mp3 */ = {isa = PBXFileReference; lastKnownFileType = audio.mp3; path = stortel11.mp3; sourceTree = "<group>"; };
		6D9FB39526AC67CD00111D66 /* sound1.mp3 */ = {isa = PBXFileReference; lastKnownFileType = audio.mp3; path = sound1.mp3; sourceTree = "<group>"; };
		6D9FB39626AC67CD00111D66 /* stortel1.mp3 */ = {isa = PBXFileReference; lastKnownFileType = audio.mp3; path = stortel1.mp3; sourceTree = "<group>"; };
		6DAF58A326AF1DCC00199728 /* AyoMinumViewController.swift */ = {isa = PBXFileReference; lastKnownFileType = sourcecode.swift; path = AyoMinumViewController.swift; sourceTree = "<group>"; };
		6DCB4A3B26AD4A7D0009EE7F /* StartingPageViewController.swift */ = {isa = PBXFileReference; lastKnownFileType = sourcecode.swift; path = StartingPageViewController.swift; sourceTree = "<group>"; };
		6DCB4A3D26AD5BFE0009EE7F /* HomeScreenViewController.swift */ = {isa = PBXFileReference; lastKnownFileType = sourcecode.swift; path = HomeScreenViewController.swift; sourceTree = "<group>"; };
		6DCB4A6126AD63670009EE7F /* Animasi.swift */ = {isa = PBXFileReference; lastKnownFileType = sourcecode.swift; path = Animasi.swift; sourceTree = "<group>"; };
		6DCE2BD926BD153F001D419B /* backgroundSound.mp3 */ = {isa = PBXFileReference; lastKnownFileType = audio.mp3; path = backgroundSound.mp3; sourceTree = "<group>"; };
		E244624F26BE012C00425BE6 /* game nutrisi.mp3 */ = {isa = PBXFileReference; lastKnownFileType = audio.mp3; path = "game nutrisi.mp3"; sourceTree = "<group>"; };
		E244625126BE03FE00425BE6 /* minumViewController.swift */ = {isa = PBXFileReference; lastKnownFileType = sourcecode.swift; path = minumViewController.swift; sourceTree = "<group>"; };
		E2889FAF26BE0B010034F2B8 /* Main.storyboard */ = {isa = PBXFileReference; fileEncoding = 4; lastKnownFileType = file.storyboard; path = Main.storyboard; sourceTree = "<group>"; };
		E29143E626B7F5A1005EE609 /* ShareNutritionScene.sks */ = {isa = PBXFileReference; lastKnownFileType = file.sks; path = ShareNutritionScene.sks; sourceTree = "<group>"; };
		E29143EA26B7F65E005EE609 /* ShareNutritionAction.sks */ = {isa = PBXFileReference; lastKnownFileType = file.sks; path = ShareNutritionAction.sks; sourceTree = "<group>"; };
		E29D605E26BC97BC00A7B070 /* with timer.swift */ = {isa = PBXFileReference; lastKnownFileType = sourcecode.swift; path = "with timer.swift"; sourceTree = "<group>"; };
		E2D3E57026BB90F000A13D11 /* GameScene.swift */ = {isa = PBXFileReference; fileEncoding = 4; lastKnownFileType = sourcecode.swift; path = GameScene.swift; sourceTree = "<group>"; };
		E2D3E57226BB910500A13D11 /* HelpPage.swift */ = {isa = PBXFileReference; fileEncoding = 4; lastKnownFileType = sourcecode.swift; path = HelpPage.swift; sourceTree = "<group>"; };
		E2D3E57326BB910500A13D11 /* GameViewController.swift */ = {isa = PBXFileReference; fileEncoding = 4; lastKnownFileType = sourcecode.swift; path = GameViewController.swift; sourceTree = "<group>"; };
		E2D3E57426BB910600A13D11 /* PausePage.swift */ = {isa = PBXFileReference; fileEncoding = 4; lastKnownFileType = sourcecode.swift; path = PausePage.swift; sourceTree = "<group>"; };
		E2D3E57526BB910600A13D11 /* PopUp.swift */ = {isa = PBXFileReference; fileEncoding = 4; lastKnownFileType = sourcecode.swift; path = PopUp.swift; sourceTree = "<group>"; };
		E2D3E57626BB910600A13D11 /* StartingPage.swift */ = {isa = PBXFileReference; fileEncoding = 4; lastKnownFileType = sourcecode.swift; path = StartingPage.swift; sourceTree = "<group>"; };
		E2E4189526B7BC830025AD6A /* DetectDrink.swift */ = {isa = PBXFileReference; lastKnownFileType = sourcecode.swift; path = DetectDrink.swift; sourceTree = "<group>"; };
		E2E4189726B7BCC60025AD6A /* VideoCapture.swift */ = {isa = PBXFileReference; lastKnownFileType = sourcecode.swift; path = VideoCapture.swift; sourceTree = "<group>"; };
		E2E4189926B7BCD50025AD6A /* Predictor.swift */ = {isa = PBXFileReference; lastKnownFileType = sourcecode.swift; path = Predictor.swift; sourceTree = "<group>"; };
		E2E4189B26B7BD220025AD6A /* PoseEstimation.mlmodel */ = {isa = PBXFileReference; lastKnownFileType = file.mlmodel; path = PoseEstimation.mlmodel; sourceTree = "<group>"; };
/* End PBXFileReference section */

/* Begin PBXFrameworksBuildPhase section */
		6D9FB35026ABF52700111D66 /* Frameworks */ = {
			isa = PBXFrameworksBuildPhase;
			buildActionMask = 2147483647;
			files = (
			);
			runOnlyForDeploymentPostprocessing = 0;
		};
/* End PBXFrameworksBuildPhase section */

/* Begin PBXGroup section */
		6D9FB34A26ABF52700111D66 = {
			isa = PBXGroup;
			children = (
				6D9FB35526ABF52700111D66 /* Lynn New */,
				6D9FB35426ABF52700111D66 /* Products */,
			);
			sourceTree = "<group>";
		};
		6D9FB35426ABF52700111D66 /* Products */ = {
			isa = PBXGroup;
			children = (
				6D9FB35326ABF52700111D66 /* Lynn New.app */,
			);
			name = Products;
			sourceTree = "<group>";
		};
		6D9FB35526ABF52700111D66 /* Lynn New */ = {
			isa = PBXGroup;
			children = (
				E2D3E57E26BB93A700A13D11 /* Animation */,
				E2E4189B26B7BD220025AD6A /* PoseEstimation.mlmodel */,
				E2D3E57D26BB936F00A13D11 /* poseEstimation */,
				E2D3E57C26BB932F00A13D11 /* Game controller Nutrition */,
				6DCB4A3826AD49DF0009EE7F /* Story telling controller */,
				6DCB4A3A26AD4A1C0009EE7F /* Base */,
				6DCB4A3926AD49E80009EE7F /* View */,
				6D9FB36D26AC673F00111D66 /* Audio */,
				6D9FB35F26ABF52800111D66 /* Assets.xcassets */,
				6D9FB36426ABF52800111D66 /* Info.plist */,
			);
			path = "Lynn New";
			sourceTree = "<group>";
		};
		6D9FB36D26AC673F00111D66 /* Audio */ = {
			isa = PBXGroup;
			children = (
				6D635C9126AD8A9D00A5FC9E /* home page.mp3 */,
				6D32277726BBC91D009944EA /* stortel3.mp3 */,
				6D9FB39526AC67CD00111D66 /* sound1.mp3 */,
				6D9FB39626AC67CD00111D66 /* stortel1.mp3 */,
				6D9FB38B26AC67CC00111D66 /* stortel2.mp3 */,
				6D9FB38C26AC67CC00111D66 /* stortel4.mp3 */,
				6D9FB38A26AC67CC00111D66 /* stortel5.mp3 */,
				6DCE2BD926BD153F001D419B /* backgroundSound.mp3 */,
				6D9FB38E26AC67CC00111D66 /* stortel6.mp3 */,
				6D9FB38F26AC67CC00111D66 /* stortel7.mp3 */,
				6D9FB39126AC67CC00111D66 /* stortel8.mp3 */,
				6D9FB39026AC67CC00111D66 /* stortel9.mp3 */,
				6D9FB38D26AC67CC00111D66 /* stortel10.mp3 */,
				6D9FB39326AC67CC00111D66 /* stortel11.mp3 */,
				E244624F26BE012C00425BE6 /* game nutrisi.mp3 */,
			);
			path = Audio;
			sourceTree = "<group>";
		};
		6DCB4A3826AD49DF0009EE7F /* Story telling controller */ = {
			isa = PBXGroup;
			children = (
				6D9FB35A26ABF52700111D66 /* ViewController.swift */,
				6D9FB36A26AC03C800111D66 /* DataCollectionViewCell.swift */,
				6DCB4A3B26AD4A7D0009EE7F /* StartingPageViewController.swift */,
				6DCB4A3D26AD5BFE0009EE7F /* HomeScreenViewController.swift */,
				6DCB4A6126AD63670009EE7F /* Animasi.swift */,
				6D1D96B126ADA20B003C760B /* HomeScreen2ViewController.swift */,
				6D1D96B326ADCC27003C760B /* TentangLynnViewController.swift */,
				6D33518026ADD86D0028700B /* TipsViewController.swift */,
				6D33518226ADDE1A0028700B /* BerapaViewController.swift */,
				6D33518426ADE2060028700B /* MonitorViewController.swift */,
				6DAF58A326AF1DCC00199728 /* AyoMinumViewController.swift */,
				E29143EA26B7F65E005EE609 /* ShareNutritionAction.sks */,
				E29143E626B7F5A1005EE609 /* ShareNutritionScene.sks */,
			);
			path = "Story telling controller";
			sourceTree = "<group>";
		};
		6DCB4A3926AD49E80009EE7F /* View */ = {
			isa = PBXGroup;
			children = (
				E2889FAF26BE0B010034F2B8 /* Main.storyboard */,
				6D9FB36126ABF52800111D66 /* LaunchScreen.storyboard */,
			);
			path = View;
			sourceTree = "<group>";
		};
		6DCB4A3A26AD4A1C0009EE7F /* Base */ = {
			isa = PBXGroup;
			children = (
				6D9FB35626ABF52700111D66 /* AppDelegate.swift */,
				6D9FB35826ABF52700111D66 /* SceneDelegate.swift */,
			);
			path = Base;
			sourceTree = "<group>";
		};
		E2D3E57C26BB932F00A13D11 /* Game controller Nutrition */ = {
			isa = PBXGroup;
			children = (
				E2D3E57226BB910500A13D11 /* HelpPage.swift */,
				E2D3E57426BB910600A13D11 /* PausePage.swift */,
				E2D3E57526BB910600A13D11 /* PopUp.swift */,
				E2D3E57626BB910600A13D11 /* StartingPage.swift */,
				E2D3E57026BB90F000A13D11 /* GameScene.swift */,
				E2D3E57326BB910500A13D11 /* GameViewController.swift */,
				E29D605E26BC97BC00A7B070 /* with timer.swift */,
			);
			path = "Game controller Nutrition";
			sourceTree = "<group>";
		};
		E2D3E57D26BB936F00A13D11 /* poseEstimation */ = {
			isa = PBXGroup;
			children = (
				E2E4189526B7BC830025AD6A /* DetectDrink.swift */,
				E2E4189726B7BCC60025AD6A /* VideoCapture.swift */,
				E2E4189926B7BCD50025AD6A /* Predictor.swift */,
				E244625126BE03FE00425BE6 /* minumViewController.swift */,
			);
			path = poseEstimation;
			sourceTree = "<group>";
		};
		E2D3E57E26BB93A700A13D11 /* Animation */ = {
			isa = PBXGroup;
			children = (
				6D635CF826AD8C2E00A5FC9E /* Benefit.gif */,
				6D635CFD26AD8C2E00A5FC9E /* Child.gif */,
				6D32277326BBB762009944EA /* contain New.gif */,
				6D32277426BBB762009944EA /* cry New.gif */,
				6D635D0026AD8C2E00A5FC9E /* contain.gif */,
				6D635CFA26AD8C2E00A5FC9E /* cry.gif */,
				6D635CF926AD8C2E00A5FC9E /* Hero Lynn.gif */,
				6D635CF626AD8C2E00A5FC9E /* Lembab.gif */,
				6D635CFE26AD8C2E00A5FC9E /* Minum.gif */,
				6D635D0326AD8C2E00A5FC9E /* more water.gif */,
				6D635D0226AD8C2E00A5FC9E /* Organ.gif */,
				6D635D0426AD8C2E00A5FC9E /* Presence.gif */,
				6D635CFF26AD8C2E00A5FC9E /* Profil.gif */,
				6D635CFB26AD8C2E00A5FC9E /* Secret.gif */,
				6D635D0526AD8C2E00A5FC9E /* Superman Not Me.gif */,
				6D635CFC26AD8C2E00A5FC9E /* Sweat.gif */,
				6D635D0126AD8C2E00A5FC9E /* Toksin.gif */,
				6D635CF726AD8C2E00A5FC9E /* weak.gif */,
			);
			path = Animation;
			sourceTree = "<group>";
		};
/* End PBXGroup section */

/* Begin PBXNativeTarget section */
		6D9FB35226ABF52700111D66 /* Lynn New */ = {
			isa = PBXNativeTarget;
			buildConfigurationList = 6D9FB36726ABF52800111D66 /* Build configuration list for PBXNativeTarget "Lynn New" */;
			buildPhases = (
				6D9FB34F26ABF52700111D66 /* Sources */,
				6D9FB35026ABF52700111D66 /* Frameworks */,
				6D9FB35126ABF52700111D66 /* Resources */,
			);
			buildRules = (
			);
			dependencies = (
			);
			name = "Lynn New";
			productName = "Lynn New";
			productReference = 6D9FB35326ABF52700111D66 /* Lynn New.app */;
			productType = "com.apple.product-type.application";
		};
/* End PBXNativeTarget section */

/* Begin PBXProject section */
		6D9FB34B26ABF52700111D66 /* Project object */ = {
			isa = PBXProject;
			attributes = {
				LastSwiftUpdateCheck = 1250;
				LastUpgradeCheck = 1250;
				TargetAttributes = {
					6D9FB35226ABF52700111D66 = {
						CreatedOnToolsVersion = 12.5.1;
					};
				};
			};
			buildConfigurationList = 6D9FB34E26ABF52700111D66 /* Build configuration list for PBXProject "Lynn New" */;
			compatibilityVersion = "Xcode 9.3";
			developmentRegion = en;
			hasScannedForEncodings = 0;
			knownRegions = (
				en,
				Base,
			);
			mainGroup = 6D9FB34A26ABF52700111D66;
			productRefGroup = 6D9FB35426ABF52700111D66 /* Products */;
			projectDirPath = "";
			projectRoot = "";
			targets = (
				6D9FB35226ABF52700111D66 /* Lynn New */,
			);
		};
/* End PBXProject section */

/* Begin PBXResourcesBuildPhase section */
		6D9FB35126ABF52700111D66 /* Resources */ = {
			isa = PBXResourcesBuildPhase;
			buildActionMask = 2147483647;
			files = (
				6D635D0826AD8C2E00A5FC9E /* Benefit.gif in Resources */,
				6D9FB3A226AC67CD00111D66 /* sound1.mp3 in Resources */,
				6D9FB3A026AC67CD00111D66 /* stortel11.mp3 in Resources */,
				6D635D0E26AD8C2E00A5FC9E /* Minum.gif in Resources */,
				6D32277626BBB762009944EA /* cry New.gif in Resources */,
				6D635D0726AD8C2E00A5FC9E /* weak.gif in Resources */,
				6D32277526BBB762009944EA /* contain New.gif in Resources */,
				6D635D1426AD8C2E00A5FC9E /* Presence.gif in Resources */,
				E29143EB26B7F65E005EE609 /* ShareNutritionAction.sks in Resources */,
				6D9FB39C26AC67CD00111D66 /* stortel7.mp3 in Resources */,
				6D9FB39726AC67CD00111D66 /* stortel5.mp3 in Resources */,
				6D635D1226AD8C2E00A5FC9E /* Organ.gif in Resources */,
				6D635D1126AD8C2E00A5FC9E /* Toksin.gif in Resources */,
				6D635D1526AD8C2E00A5FC9E /* Superman Not Me.gif in Resources */,
				6D9FB39826AC67CD00111D66 /* stortel2.mp3 in Resources */,
				6D9FB36326ABF52800111D66 /* LaunchScreen.storyboard in Resources */,
				6D635D0626AD8C2E00A5FC9E /* Lembab.gif in Resources */,
				E2889FB026BE0B010034F2B8 /* Main.storyboard in Resources */,
				6D9FB39E26AC67CD00111D66 /* stortel8.mp3 in Resources */,
				6D32277826BBC91D009944EA /* stortel3.mp3 in Resources */,
				6D635D0D26AD8C2E00A5FC9E /* Child.gif in Resources */,
				6D9FB3A326AC67CD00111D66 /* stortel1.mp3 in Resources */,
				6D9FB39A26AC67CD00111D66 /* stortel10.mp3 in Resources */,
				6D635D0B26AD8C2E00A5FC9E /* Secret.gif in Resources */,
				6D635D1326AD8C2E00A5FC9E /* more water.gif in Resources */,
				E244625026BE012C00425BE6 /* game nutrisi.mp3 in Resources */,
				E29143E726B7F5A1005EE609 /* ShareNutritionScene.sks in Resources */,
				6D635D0926AD8C2E00A5FC9E /* Hero Lynn.gif in Resources */,
				6D635D0F26AD8C2E00A5FC9E /* Profil.gif in Resources */,
				6D635D0A26AD8C2E00A5FC9E /* cry.gif in Resources */,
				6D635D0C26AD8C2E00A5FC9E /* Sweat.gif in Resources */,
				6DCE2BDA26BD153F001D419B /* backgroundSound.mp3 in Resources */,
				6D635C9226AD8A9D00A5FC9E /* home page.mp3 in Resources */,
				6D9FB39926AC67CD00111D66 /* stortel4.mp3 in Resources */,
				6D9FB39D26AC67CD00111D66 /* stortel9.mp3 in Resources */,
				6D9FB39B26AC67CD00111D66 /* stortel6.mp3 in Resources */,
				6D9FB36026ABF52800111D66 /* Assets.xcassets in Resources */,
				6D635D1026AD8C2E00A5FC9E /* contain.gif in Resources */,
			);
			runOnlyForDeploymentPostprocessing = 0;
		};
/* End PBXResourcesBuildPhase section */

/* Begin PBXSourcesBuildPhase section */
		6D9FB34F26ABF52700111D66 /* Sources */ = {
			isa = PBXSourcesBuildPhase;
			buildActionMask = 2147483647;
			files = (
				E2D3E57826BB910600A13D11 /* GameViewController.swift in Sources */,
				6DCB4A6226AD63670009EE7F /* Animasi.swift in Sources */,
				E2D3E57B26BB910600A13D11 /* StartingPage.swift in Sources */,
				E2D3E57A26BB910600A13D11 /* PopUp.swift in Sources */,
				E2D3E57726BB910600A13D11 /* HelpPage.swift in Sources */,
				E2E4189826B7BCC60025AD6A /* VideoCapture.swift in Sources */,
				E2E4189C26B7BD220025AD6A /* PoseEstimation.mlmodel in Sources */,
				6D33518526ADE2060028700B /* MonitorViewController.swift in Sources */,
				6D1D96B426ADCC27003C760B /* TentangLynnViewController.swift in Sources */,
				6DAF58A426AF1DCC00199728 /* AyoMinumViewController.swift in Sources */,
				E29D605F26BC97BD00A7B070 /* with timer.swift in Sources */,
				6D9FB36B26AC03C800111D66 /* DataCollectionViewCell.swift in Sources */,
				E2E4189A26B7BCD50025AD6A /* Predictor.swift in Sources */,
				6D9FB35B26ABF52700111D66 /* ViewController.swift in Sources */,
				6D9FB35726ABF52700111D66 /* AppDelegate.swift in Sources */,
				6D1D96B226ADA20B003C760B /* HomeScreen2ViewController.swift in Sources */,
				6D33518126ADD86D0028700B /* TipsViewController.swift in Sources */,
				E2D3E57126BB90F000A13D11 /* GameScene.swift in Sources */,
				6D9FB35926ABF52700111D66 /* SceneDelegate.swift in Sources */,
				E2D3E57926BB910600A13D11 /* PausePage.swift in Sources */,
				E244625226BE03FE00425BE6 /* minumViewController.swift in Sources */,
				6DCB4A3C26AD4A7D0009EE7F /* StartingPageViewController.swift in Sources */,
				6D33518326ADDE1A0028700B /* BerapaViewController.swift in Sources */,
				E2E4189626B7BC830025AD6A /* DetectDrink.swift in Sources */,
				6DCB4A3E26AD5BFE0009EE7F /* HomeScreenViewController.swift in Sources */,
			);
			runOnlyForDeploymentPostprocessing = 0;
		};
/* End PBXSourcesBuildPhase section */

/* Begin PBXVariantGroup section */
		6D9FB36126ABF52800111D66 /* LaunchScreen.storyboard */ = {
			isa = PBXVariantGroup;
			children = (
				6D9FB36226ABF52800111D66 /* Base */,
			);
			name = LaunchScreen.storyboard;
			sourceTree = "<group>";
		};
/* End PBXVariantGroup section */

/* Begin XCBuildConfiguration section */
		6D9FB36526ABF52800111D66 /* Debug */ = {
			isa = XCBuildConfiguration;
			buildSettings = {
				ALWAYS_SEARCH_USER_PATHS = NO;
				CLANG_ANALYZER_NONNULL = YES;
				CLANG_ANALYZER_NUMBER_OBJECT_CONVERSION = YES_AGGRESSIVE;
				CLANG_CXX_LANGUAGE_STANDARD = "gnu++14";
				CLANG_CXX_LIBRARY = "libc++";
				CLANG_ENABLE_MODULES = YES;
				CLANG_ENABLE_OBJC_ARC = YES;
				CLANG_ENABLE_OBJC_WEAK = YES;
				CLANG_WARN_BLOCK_CAPTURE_AUTORELEASING = YES;
				CLANG_WARN_BOOL_CONVERSION = YES;
				CLANG_WARN_COMMA = YES;
				CLANG_WARN_CONSTANT_CONVERSION = YES;
				CLANG_WARN_DEPRECATED_OBJC_IMPLEMENTATIONS = YES;
				CLANG_WARN_DIRECT_OBJC_ISA_USAGE = YES_ERROR;
				CLANG_WARN_DOCUMENTATION_COMMENTS = YES;
				CLANG_WARN_EMPTY_BODY = YES;
				CLANG_WARN_ENUM_CONVERSION = YES;
				CLANG_WARN_INFINITE_RECURSION = YES;
				CLANG_WARN_INT_CONVERSION = YES;
				CLANG_WARN_NON_LITERAL_NULL_CONVERSION = YES;
				CLANG_WARN_OBJC_IMPLICIT_RETAIN_SELF = YES;
				CLANG_WARN_OBJC_LITERAL_CONVERSION = YES;
				CLANG_WARN_OBJC_ROOT_CLASS = YES_ERROR;
				CLANG_WARN_QUOTED_INCLUDE_IN_FRAMEWORK_HEADER = YES;
				CLANG_WARN_RANGE_LOOP_ANALYSIS = YES;
				CLANG_WARN_STRICT_PROTOTYPES = YES;
				CLANG_WARN_SUSPICIOUS_MOVE = YES;
				CLANG_WARN_UNGUARDED_AVAILABILITY = YES_AGGRESSIVE;
				CLANG_WARN_UNREACHABLE_CODE = YES;
				CLANG_WARN__DUPLICATE_METHOD_MATCH = YES;
				COPY_PHASE_STRIP = NO;
				DEBUG_INFORMATION_FORMAT = dwarf;
				ENABLE_STRICT_OBJC_MSGSEND = YES;
				ENABLE_TESTABILITY = YES;
				GCC_C_LANGUAGE_STANDARD = gnu11;
				GCC_DYNAMIC_NO_PIC = NO;
				GCC_NO_COMMON_BLOCKS = YES;
				GCC_OPTIMIZATION_LEVEL = 0;
				GCC_PREPROCESSOR_DEFINITIONS = (
					"DEBUG=1",
					"$(inherited)",
				);
				GCC_WARN_64_TO_32_BIT_CONVERSION = YES;
				GCC_WARN_ABOUT_RETURN_TYPE = YES_ERROR;
				GCC_WARN_UNDECLARED_SELECTOR = YES;
				GCC_WARN_UNINITIALIZED_AUTOS = YES_AGGRESSIVE;
				GCC_WARN_UNUSED_FUNCTION = YES;
				GCC_WARN_UNUSED_VARIABLE = YES;
				IPHONEOS_DEPLOYMENT_TARGET = 14.5;
				MTL_ENABLE_DEBUG_INFO = INCLUDE_SOURCE;
				MTL_FAST_MATH = YES;
				ONLY_ACTIVE_ARCH = YES;
				SDKROOT = iphoneos;
				SWIFT_ACTIVE_COMPILATION_CONDITIONS = DEBUG;
				SWIFT_OPTIMIZATION_LEVEL = "-Onone";
			};
			name = Debug;
		};
		6D9FB36626ABF52800111D66 /* Release */ = {
			isa = XCBuildConfiguration;
			buildSettings = {
				ALWAYS_SEARCH_USER_PATHS = NO;
				CLANG_ANALYZER_NONNULL = YES;
				CLANG_ANALYZER_NUMBER_OBJECT_CONVERSION = YES_AGGRESSIVE;
				CLANG_CXX_LANGUAGE_STANDARD = "gnu++14";
				CLANG_CXX_LIBRARY = "libc++";
				CLANG_ENABLE_MODULES = YES;
				CLANG_ENABLE_OBJC_ARC = YES;
				CLANG_ENABLE_OBJC_WEAK = YES;
				CLANG_WARN_BLOCK_CAPTURE_AUTORELEASING = YES;
				CLANG_WARN_BOOL_CONVERSION = YES;
				CLANG_WARN_COMMA = YES;
				CLANG_WARN_CONSTANT_CONVERSION = YES;
				CLANG_WARN_DEPRECATED_OBJC_IMPLEMENTATIONS = YES;
				CLANG_WARN_DIRECT_OBJC_ISA_USAGE = YES_ERROR;
				CLANG_WARN_DOCUMENTATION_COMMENTS = YES;
				CLANG_WARN_EMPTY_BODY = YES;
				CLANG_WARN_ENUM_CONVERSION = YES;
				CLANG_WARN_INFINITE_RECURSION = YES;
				CLANG_WARN_INT_CONVERSION = YES;
				CLANG_WARN_NON_LITERAL_NULL_CONVERSION = YES;
				CLANG_WARN_OBJC_IMPLICIT_RETAIN_SELF = YES;
				CLANG_WARN_OBJC_LITERAL_CONVERSION = YES;
				CLANG_WARN_OBJC_ROOT_CLASS = YES_ERROR;
				CLANG_WARN_QUOTED_INCLUDE_IN_FRAMEWORK_HEADER = YES;
				CLANG_WARN_RANGE_LOOP_ANALYSIS = YES;
				CLANG_WARN_STRICT_PROTOTYPES = YES;
				CLANG_WARN_SUSPICIOUS_MOVE = YES;
				CLANG_WARN_UNGUARDED_AVAILABILITY = YES_AGGRESSIVE;
				CLANG_WARN_UNREACHABLE_CODE = YES;
				CLANG_WARN__DUPLICATE_METHOD_MATCH = YES;
				COPY_PHASE_STRIP = NO;
				DEBUG_INFORMATION_FORMAT = "dwarf-with-dsym";
				ENABLE_NS_ASSERTIONS = NO;
				ENABLE_STRICT_OBJC_MSGSEND = YES;
				GCC_C_LANGUAGE_STANDARD = gnu11;
				GCC_NO_COMMON_BLOCKS = YES;
				GCC_WARN_64_TO_32_BIT_CONVERSION = YES;
				GCC_WARN_ABOUT_RETURN_TYPE = YES_ERROR;
				GCC_WARN_UNDECLARED_SELECTOR = YES;
				GCC_WARN_UNINITIALIZED_AUTOS = YES_AGGRESSIVE;
				GCC_WARN_UNUSED_FUNCTION = YES;
				GCC_WARN_UNUSED_VARIABLE = YES;
				IPHONEOS_DEPLOYMENT_TARGET = 14.5;
				MTL_ENABLE_DEBUG_INFO = NO;
				MTL_FAST_MATH = YES;
				SDKROOT = iphoneos;
				SWIFT_COMPILATION_MODE = wholemodule;
				SWIFT_OPTIMIZATION_LEVEL = "-O";
				VALIDATE_PRODUCT = YES;
			};
			name = Release;
		};
		6D9FB36826ABF52800111D66 /* Debug */ = {
			isa = XCBuildConfiguration;
			buildSettings = {
				ASSETCATALOG_COMPILER_APPICON_NAME = AppIcon;
				ASSETCATALOG_COMPILER_GLOBAL_ACCENT_COLOR_NAME = AccentColor;
				CODE_SIGN_STYLE = Automatic;
				DEVELOPMENT_TEAM = P94HWRYJL7;
				INFOPLIST_FILE = "Lynn New/Info.plist";
				LD_RUNPATH_SEARCH_PATHS = (
					"$(inherited)",
					"@executable_path/Frameworks",
				);
				PRODUCT_BUNDLE_IDENTIFIER = "id.infinitelarning.Lynn-New";
				PRODUCT_NAME = "$(TARGET_NAME)";
				SWIFT_VERSION = 5.0;
				TARGETED_DEVICE_FAMILY = "1,2";
			};
			name = Debug;
		};
		6D9FB36926ABF52800111D66 /* Release */ = {
			isa = XCBuildConfiguration;
			buildSettings = {
				ASSETCATALOG_COMPILER_APPICON_NAME = AppIcon;
				ASSETCATALOG_COMPILER_GLOBAL_ACCENT_COLOR_NAME = AccentColor;
				CODE_SIGN_STYLE = Automatic;
				DEVELOPMENT_TEAM = P94HWRYJL7;
				INFOPLIST_FILE = "Lynn New/Info.plist";
				LD_RUNPATH_SEARCH_PATHS = (
					"$(inherited)",
					"@executable_path/Frameworks",
				);
				PRODUCT_BUNDLE_IDENTIFIER = "id.infinitelarning.Lynn-New";
				PRODUCT_NAME = "$(TARGET_NAME)";
				SWIFT_VERSION = 5.0;
				TARGETED_DEVICE_FAMILY = "1,2";
			};
			name = Release;
		};
/* End XCBuildConfiguration section */

/* Begin XCConfigurationList section */
		6D9FB34E26ABF52700111D66 /* Build configuration list for PBXProject "Lynn New" */ = {
			isa = XCConfigurationList;
			buildConfigurations = (
				6D9FB36526ABF52800111D66 /* Debug */,
				6D9FB36626ABF52800111D66 /* Release */,
			);
			defaultConfigurationIsVisible = 0;
			defaultConfigurationName = Release;
		};
		6D9FB36726ABF52800111D66 /* Build configuration list for PBXNativeTarget "Lynn New" */ = {
			isa = XCConfigurationList;
			buildConfigurations = (
				6D9FB36826ABF52800111D66 /* Debug */,
				6D9FB36926ABF52800111D66 /* Release */,
			);
			defaultConfigurationIsVisible = 0;
			defaultConfigurationName = Release;
		};
/* End XCConfigurationList section */
	};
	rootObject = 6D9FB34B26ABF52700111D66 /* Project object */;
}
